// !$*UTF8*$!
{
	archiveVersion = 1;
	classes = {
	};
	objectVersion = 55;
	objects = {

/* Begin PBXBuildFile section */
		B4085996284CAABF002B3BD3 /* ThemeView.swift in Sources */ = {isa = PBXBuildFile; fileRef = B4085995284CAABF002B3BD3 /* ThemeView.swift */; };
		B4085998284CAE99002B3BD3 /* ThemePicker.swift in Sources */ = {isa = PBXBuildFile; fileRef = B4085997284CAE99002B3BD3 /* ThemePicker.swift */; };
		B408599A284CC6E1002B3BD3 /* MeetingHeaderView.swift in Sources */ = {isa = PBXBuildFile; fileRef = B4085999284CC6E1002B3BD3 /* MeetingHeaderView.swift */; };
		B40859A2284CD275002B3BD3 /* MeetingFooterView.swift in Sources */ = {isa = PBXBuildFile; fileRef = B40859A1284CD275002B3BD3 /* MeetingFooterView.swift */; };
		B40859A8284CDC14002B3BD3 /* AVPlayer+DInger.swift in Sources */ = {isa = PBXBuildFile; fileRef = B40859A7284CDC14002B3BD3 /* AVPlayer+DInger.swift */; };
		B40859AA284CDC45002B3BD3 /* ScrumTimer.swift in Sources */ = {isa = PBXBuildFile; fileRef = B40859A9284CDC45002B3BD3 /* ScrumTimer.swift */; };
		B40859AC284CDC6E002B3BD3 /* ding.wav in Resources */ = {isa = PBXBuildFile; fileRef = B40859AB284CDC6E002B3BD3 /* ding.wav */; };
		B40859AE284CDCA3002B3BD3 /* ScrumProgressViewStyle.swift in Sources */ = {isa = PBXBuildFile; fileRef = B40859AD284CDCA3002B3BD3 /* ScrumProgressViewStyle.swift */; };
		B40859B0284CDCF9002B3BD3 /* History.swift in Sources */ = {isa = PBXBuildFile; fileRef = B40859AF284CDCF9002B3BD3 /* History.swift */; };
		B43B9979283D9551005595EB /* ScrumdingerApp.swift in Sources */ = {isa = PBXBuildFile; fileRef = B43B9978283D9551005595EB /* ScrumdingerApp.swift */; };
		B43B997B283D9551005595EB /* MeetingView.swift in Sources */ = {isa = PBXBuildFile; fileRef = B43B997A283D9551005595EB /* MeetingView.swift */; };
		B43B997D283D9554005595EB /* Assets.xcassets in Resources */ = {isa = PBXBuildFile; fileRef = B43B997C283D9554005595EB /* Assets.xcassets */; };
		B43B9980283D9554005595EB /* Preview Assets.xcassets in Resources */ = {isa = PBXBuildFile; fileRef = B43B997F283D9554005595EB /* Preview Assets.xcassets */; };
		B43B9988283E200C005595EB /* Theme.swift in Sources */ = {isa = PBXBuildFile; fileRef = B43B9987283E200C005595EB /* Theme.swift */; };
		B43B998A283E21D6005595EB /* DailyScrum.swift in Sources */ = {isa = PBXBuildFile; fileRef = B43B9989283E21D6005595EB /* DailyScrum.swift */; };
		B43B998C283E2312005595EB /* CardView.swift in Sources */ = {isa = PBXBuildFile; fileRef = B43B998B283E2312005595EB /* CardView.swift */; };
		B43B998E283E2A49005595EB /* TrailingIconLabelStyle.swift in Sources */ = {isa = PBXBuildFile; fileRef = B43B998D283E2A49005595EB /* TrailingIconLabelStyle.swift */; };
		B475C033283E4EDA002960AE /* DetailView.swift in Sources */ = {isa = PBXBuildFile; fileRef = B475C032283E4EDA002960AE /* DetailView.swift */; };
		B475C035283ECECF002960AE /* DetailsEditView.swift in Sources */ = {isa = PBXBuildFile; fileRef = B475C034283ECECF002960AE /* DetailsEditView.swift */; };
		B4F12072283E41D1002FC1DE /* ScrumsView.swift in Sources */ = {isa = PBXBuildFile; fileRef = B4F12071283E41D1002FC1DE /* ScrumsView.swift */; };
/* End PBXBuildFile section */

/* Begin PBXFileReference section */
		B4085995284CAABF002B3BD3 /* ThemeView.swift */ = {isa = PBXFileReference; lastKnownFileType = sourcecode.swift; path = ThemeView.swift; sourceTree = "<group>"; };
		B4085997284CAE99002B3BD3 /* ThemePicker.swift */ = {isa = PBXFileReference; lastKnownFileType = sourcecode.swift; path = ThemePicker.swift; sourceTree = "<group>"; };
		B4085999284CC6E1002B3BD3 /* MeetingHeaderView.swift */ = {isa = PBXFileReference; lastKnownFileType = sourcecode.swift; path = MeetingHeaderView.swift; sourceTree = "<group>"; };
		B40859A1284CD275002B3BD3 /* MeetingFooterView.swift */ = {isa = PBXFileReference; lastKnownFileType = sourcecode.swift; path = MeetingFooterView.swift; sourceTree = "<group>"; };
		B40859A7284CDC14002B3BD3 /* AVPlayer+DInger.swift */ = {isa = PBXFileReference; lastKnownFileType = sourcecode.swift; path = "AVPlayer+DInger.swift"; sourceTree = "<group>"; };
		B40859A9284CDC45002B3BD3 /* ScrumTimer.swift */ = {isa = PBXFileReference; lastKnownFileType = sourcecode.swift; path = ScrumTimer.swift; sourceTree = "<group>"; };
		B40859AB284CDC6E002B3BD3 /* ding.wav */ = {isa = PBXFileReference; lastKnownFileType = audio.wav; path = ding.wav; sourceTree = "<group>"; };
		B40859AD284CDCA3002B3BD3 /* ScrumProgressViewStyle.swift */ = {isa = PBXFileReference; fileEncoding = 4; lastKnownFileType = sourcecode.swift; path = ScrumProgressViewStyle.swift; sourceTree = "<group>"; };
		B40859AF284CDCF9002B3BD3 /* History.swift */ = {isa = PBXFileReference; lastKnownFileType = sourcecode.swift; path = History.swift; sourceTree = "<group>"; };
		B43B9975283D9551005595EB /* Scrumdinger.app */ = {isa = PBXFileReference; explicitFileType = wrapper.application; includeInIndex = 0; path = Scrumdinger.app; sourceTree = BUILT_PRODUCTS_DIR; };
		B43B9978283D9551005595EB /* ScrumdingerApp.swift */ = {isa = PBXFileReference; lastKnownFileType = sourcecode.swift; path = ScrumdingerApp.swift; sourceTree = "<group>"; };
		B43B997A283D9551005595EB /* MeetingView.swift */ = {isa = PBXFileReference; lastKnownFileType = sourcecode.swift; path = MeetingView.swift; sourceTree = "<group>"; };
		B43B997C283D9554005595EB /* Assets.xcassets */ = {isa = PBXFileReference; lastKnownFileType = folder.assetcatalog; path = Assets.xcassets; sourceTree = "<group>"; };
		B43B997F283D9554005595EB /* Preview Assets.xcassets */ = {isa = PBXFileReference; lastKnownFileType = folder.assetcatalog; path = "Preview Assets.xcassets"; sourceTree = "<group>"; };
		B43B9987283E200C005595EB /* Theme.swift */ = {isa = PBXFileReference; lastKnownFileType = sourcecode.swift; path = Theme.swift; sourceTree = "<group>"; };
		B43B9989283E21D6005595EB /* DailyScrum.swift */ = {isa = PBXFileReference; lastKnownFileType = sourcecode.swift; path = DailyScrum.swift; sourceTree = "<group>"; };
		B43B998B283E2312005595EB /* CardView.swift */ = {isa = PBXFileReference; lastKnownFileType = sourcecode.swift; path = CardView.swift; sourceTree = "<group>"; };
		B43B998D283E2A49005595EB /* TrailingIconLabelStyle.swift */ = {isa = PBXFileReference; lastKnownFileType = sourcecode.swift; path = TrailingIconLabelStyle.swift; sourceTree = "<group>"; };
		B475C032283E4EDA002960AE /* DetailView.swift */ = {isa = PBXFileReference; lastKnownFileType = sourcecode.swift; path = DetailView.swift; sourceTree = "<group>"; };
		B475C034283ECECF002960AE /* DetailsEditView.swift */ = {isa = PBXFileReference; lastKnownFileType = sourcecode.swift; path = DetailsEditView.swift; sourceTree = "<group>"; };
		B4F12071283E41D1002FC1DE /* ScrumsView.swift */ = {isa = PBXFileReference; lastKnownFileType = sourcecode.swift; path = ScrumsView.swift; sourceTree = "<group>"; };
/* End PBXFileReference section */

/* Begin PBXFrameworksBuildPhase section */
		B43B9972283D9551005595EB /* Frameworks */ = {
			isa = PBXFrameworksBuildPhase;
			buildActionMask = 2147483647;
			files = (
			);
			runOnlyForDeploymentPostprocessing = 0;
		};
/* End PBXFrameworksBuildPhase section */

/* Begin PBXGroup section */
		B40859A4284CD781002B3BD3 /* Resources */ = {
			isa = PBXGroup;
			children = (
				B40859AB284CDC6E002B3BD3 /* ding.wav */,
			);
			path = Resources;
			sourceTree = "<group>";
		};
		B43B996C283D9551005595EB = {
			isa = PBXGroup;
			children = (
				B43B9977283D9551005595EB /* Scrumdinger */,
				B43B9976283D9551005595EB /* Products */,
			);
			sourceTree = "<group>";
		};
		B43B9976283D9551005595EB /* Products */ = {
			isa = PBXGroup;
			children = (
				B43B9975283D9551005595EB /* Scrumdinger.app */,
			);
			name = Products;
			sourceTree = "<group>";
		};
		B43B9977283D9551005595EB /* Scrumdinger */ = {
			isa = PBXGroup;
			children = (
				B43B9978283D9551005595EB /* ScrumdingerApp.swift */,
				B43B998B283E2312005595EB /* CardView.swift */,
				B4085997284CAE99002B3BD3 /* ThemePicker.swift */,
				B4F12071283E41D1002FC1DE /* ScrumsView.swift */,
				B4085999284CC6E1002B3BD3 /* MeetingHeaderView.swift */,
				B40859A1284CD275002B3BD3 /* MeetingFooterView.swift */,
				B4085995284CAABF002B3BD3 /* ThemeView.swift */,
				B475C034283ECECF002960AE /* DetailsEditView.swift */,
				B40859AD284CDCA3002B3BD3 /* ScrumProgressViewStyle.swift */,
				B475C032283E4EDA002960AE /* DetailView.swift */,
				B43B997A283D9551005595EB /* MeetingView.swift */,
				B43B997C283D9554005595EB /* Assets.xcassets */,
				B40859A4284CD781002B3BD3 /* Resources */,
				B43B9986283E1FF0005595EB /* Models */,
				B43B997E283D9554005595EB /* Preview Content */,
			);
			path = Scrumdinger;
			sourceTree = "<group>";
		};
		B43B997E283D9554005595EB /* Preview Content */ = {
			isa = PBXGroup;
			children = (
				B43B997F283D9554005595EB /* Preview Assets.xcassets */,
			);
			path = "Preview Content";
			sourceTree = "<group>";
		};
		B43B9986283E1FF0005595EB /* Models */ = {
			isa = PBXGroup;
			children = (
				B43B9987283E200C005595EB /* Theme.swift */,
				B43B9989283E21D6005595EB /* DailyScrum.swift */,
				B40859A9284CDC45002B3BD3 /* ScrumTimer.swift */,
				B43B998D283E2A49005595EB /* TrailingIconLabelStyle.swift */,
				B40859A7284CDC14002B3BD3 /* AVPlayer+DInger.swift */,
				B40859AF284CDCF9002B3BD3 /* History.swift */,
			);
			path = Models;
			sourceTree = "<group>";
		};
/* End PBXGroup section */

/* Begin PBXNativeTarget section */
		B43B9974283D9551005595EB /* Scrumdinger */ = {
			isa = PBXNativeTarget;
			buildConfigurationList = B43B9983283D9554005595EB /* Build configuration list for PBXNativeTarget "Scrumdinger" */;
			buildPhases = (
				B43B9971283D9551005595EB /* Sources */,
				B43B9972283D9551005595EB /* Frameworks */,
				B43B9973283D9551005595EB /* Resources */,
			);
			buildRules = (
			);
			dependencies = (
			);
			name = Scrumdinger;
			productName = Scrumdinger;
			productReference = B43B9975283D9551005595EB /* Scrumdinger.app */;
			productType = "com.apple.product-type.application";
		};
/* End PBXNativeTarget section */

/* Begin PBXProject section */
		B43B996D283D9551005595EB /* Project object */ = {
			isa = PBXProject;
			attributes = {
				BuildIndependentTargetsInParallel = 1;
				LastSwiftUpdateCheck = 1340;
				LastUpgradeCheck = 1340;
				TargetAttributes = {
					B43B9974283D9551005595EB = {
						CreatedOnToolsVersion = 13.4;
					};
				};
			};
			buildConfigurationList = B43B9970283D9551005595EB /* Build configuration list for PBXProject "Scrumdinger" */;
			compatibilityVersion = "Xcode 13.0";
			developmentRegion = en;
			hasScannedForEncodings = 0;
			knownRegions = (
				en,
				Base,
			);
			mainGroup = B43B996C283D9551005595EB;
			productRefGroup = B43B9976283D9551005595EB /* Products */;
			projectDirPath = "";
			projectRoot = "";
			targets = (
				B43B9974283D9551005595EB /* Scrumdinger */,
			);
		};
/* End PBXProject section */

/* Begin PBXResourcesBuildPhase section */
		B43B9973283D9551005595EB /* Resources */ = {
			isa = PBXResourcesBuildPhase;
			buildActionMask = 2147483647;
			files = (
				B40859AC284CDC6E002B3BD3 /* ding.wav in Resources */,
				B43B9980283D9554005595EB /* Preview Assets.xcassets in Resources */,
				B43B997D283D9554005595EB /* Assets.xcassets in Resources */,
			);
			runOnlyForDeploymentPostprocessing = 0;
		};
/* End PBXResourcesBuildPhase section */

/* Begin PBXSourcesBuildPhase section */
		B43B9971283D9551005595EB /* Sources */ = {
			isa = PBXSourcesBuildPhase;
			buildActionMask = 2147483647;
			files = (
				B40859B0284CDCF9002B3BD3 /* History.swift in Sources */,
				B43B9988283E200C005595EB /* Theme.swift in Sources */,
				B475C033283E4EDA002960AE /* DetailView.swift in Sources */,
				B40859AE284CDCA3002B3BD3 /* ScrumProgressViewStyle.swift in Sources */,
				B475C035283ECECF002960AE /* DetailsEditView.swift in Sources */,
				B40859A2284CD275002B3BD3 /* MeetingFooterView.swift in Sources */,
				B408599A284CC6E1002B3BD3 /* MeetingHeaderView.swift in Sources */,
				B43B998E283E2A49005595EB /* TrailingIconLabelStyle.swift in Sources */,
				B40859AA284CDC45002B3BD3 /* ScrumTimer.swift in Sources */,
				B43B997B283D9551005595EB /* MeetingView.swift in Sources */,
				B40859A8284CDC14002B3BD3 /* AVPlayer+DInger.swift in Sources */,
				B4085998284CAE99002B3BD3 /* ThemePicker.swift in Sources */,
				B4F12072283E41D1002FC1DE /* ScrumsView.swift in Sources */,
				B43B9979283D9551005595EB /* ScrumdingerApp.swift in Sources */,
				B43B998A283E21D6005595EB /* DailyScrum.swift in Sources */,
				B4085996284CAABF002B3BD3 /* ThemeView.swift in Sources */,
				B43B998C283E2312005595EB /* CardView.swift in Sources */,
			);
			runOnlyForDeploymentPostprocessing = 0;
		};
/* End PBXSourcesBuildPhase section */

/* Begin XCBuildConfiguration section */
		B43B9981283D9554005595EB /* Debug */ = {
			isa = XCBuildConfiguration;
			buildSettings = {
				ALWAYS_SEARCH_USER_PATHS = NO;
				CLANG_ANALYZER_NONNULL = YES;
				CLANG_ANALYZER_NUMBER_OBJECT_CONVERSION = YES_AGGRESSIVE;
				CLANG_CXX_LANGUAGE_STANDARD = "gnu++17";
				CLANG_ENABLE_MODULES = YES;
				CLANG_ENABLE_OBJC_ARC = YES;
				CLANG_ENABLE_OBJC_WEAK = YES;
				CLANG_WARN_BLOCK_CAPTURE_AUTORELEASING = YES;
				CLANG_WARN_BOOL_CONVERSION = YES;
				CLANG_WARN_COMMA = YES;
				CLANG_WARN_CONSTANT_CONVERSION = YES;
				CLANG_WARN_DEPRECATED_OBJC_IMPLEMENTATIONS = YES;
				CLANG_WARN_DIRECT_OBJC_ISA_USAGE = YES_ERROR;
				CLANG_WARN_DOCUMENTATION_COMMENTS = YES;
				CLANG_WARN_EMPTY_BODY = YES;
				CLANG_WARN_ENUM_CONVERSION = YES;
				CLANG_WARN_INFINITE_RECURSION = YES;
				CLANG_WARN_INT_CONVERSION = YES;
				CLANG_WARN_NON_LITERAL_NULL_CONVERSION = YES;
				CLANG_WARN_OBJC_IMPLICIT_RETAIN_SELF = YES;
				CLANG_WARN_OBJC_LITERAL_CONVERSION = YES;
				CLANG_WARN_OBJC_ROOT_CLASS = YES_ERROR;
				CLANG_WARN_QUOTED_INCLUDE_IN_FRAMEWORK_HEADER = YES;
				CLANG_WARN_RANGE_LOOP_ANALYSIS = YES;
				CLANG_WARN_STRICT_PROTOTYPES = YES;
				CLANG_WARN_SUSPICIOUS_MOVE = YES;
				CLANG_WARN_UNGUARDED_AVAILABILITY = YES_AGGRESSIVE;
				CLANG_WARN_UNREACHABLE_CODE = YES;
				CLANG_WARN__DUPLICATE_METHOD_MATCH = YES;
				COPY_PHASE_STRIP = NO;
				DEBUG_INFORMATION_FORMAT = dwarf;
				ENABLE_STRICT_OBJC_MSGSEND = YES;
				ENABLE_TESTABILITY = YES;
				GCC_C_LANGUAGE_STANDARD = gnu11;
				GCC_DYNAMIC_NO_PIC = NO;
				GCC_NO_COMMON_BLOCKS = YES;
				GCC_OPTIMIZATION_LEVEL = 0;
				GCC_PREPROCESSOR_DEFINITIONS = (
					"DEBUG=1",
					"$(inherited)",
				);
				GCC_WARN_64_TO_32_BIT_CONVERSION = YES;
				GCC_WARN_ABOUT_RETURN_TYPE = YES_ERROR;
				GCC_WARN_UNDECLARED_SELECTOR = YES;
				GCC_WARN_UNINITIALIZED_AUTOS = YES_AGGRESSIVE;
				GCC_WARN_UNUSED_FUNCTION = YES;
				GCC_WARN_UNUSED_VARIABLE = YES;
				IPHONEOS_DEPLOYMENT_TARGET = 15.5;
				MTL_ENABLE_DEBUG_INFO = INCLUDE_SOURCE;
				MTL_FAST_MATH = YES;
				ONLY_ACTIVE_ARCH = YES;
				SDKROOT = iphoneos;
				SWIFT_ACTIVE_COMPILATION_CONDITIONS = DEBUG;
				SWIFT_OPTIMIZATION_LEVEL = "-Onone";
			};
			name = Debug;
		};
		B43B9982283D9554005595EB /* Release */ = {
			isa = XCBuildConfiguration;
			buildSettings = {
				ALWAYS_SEARCH_USER_PATHS = NO;
				CLANG_ANALYZER_NONNULL = YES;
				CLANG_ANALYZER_NUMBER_OBJECT_CONVERSION = YES_AGGRESSIVE;
				CLANG_CXX_LANGUAGE_STANDARD = "gnu++17";
				CLANG_ENABLE_MODULES = YES;
				CLANG_ENABLE_OBJC_ARC = YES;
				CLANG_ENABLE_OBJC_WEAK = YES;
				CLANG_WARN_BLOCK_CAPTURE_AUTORELEASING = YES;
				CLANG_WARN_BOOL_CONVERSION = YES;
				CLANG_WARN_COMMA = YES;
				CLANG_WARN_CONSTANT_CONVERSION = YES;
				CLANG_WARN_DEPRECATED_OBJC_IMPLEMENTATIONS = YES;
				CLANG_WARN_DIRECT_OBJC_ISA_USAGE = YES_ERROR;
				CLANG_WARN_DOCUMENTATION_COMMENTS = YES;
				CLANG_WARN_EMPTY_BODY = YES;
				CLANG_WARN_ENUM_CONVERSION = YES;
				CLANG_WARN_INFINITE_RECURSION = YES;
				CLANG_WARN_INT_CONVERSION = YES;
				CLANG_WARN_NON_LITERAL_NULL_CONVERSION = YES;
				CLANG_WARN_OBJC_IMPLICIT_RETAIN_SELF = YES;
				CLANG_WARN_OBJC_LITERAL_CONVERSION = YES;
				CLANG_WARN_OBJC_ROOT_CLASS = YES_ERROR;
				CLANG_WARN_QUOTED_INCLUDE_IN_FRAMEWORK_HEADER = YES;
				CLANG_WARN_RANGE_LOOP_ANALYSIS = YES;
				CLANG_WARN_STRICT_PROTOTYPES = YES;
				CLANG_WARN_SUSPICIOUS_MOVE = YES;
				CLANG_WARN_UNGUARDED_AVAILABILITY = YES_AGGRESSIVE;
				CLANG_WARN_UNREACHABLE_CODE = YES;
				CLANG_WARN__DUPLICATE_METHOD_MATCH = YES;
				COPY_PHASE_STRIP = NO;
				DEBUG_INFORMATION_FORMAT = "dwarf-with-dsym";
				ENABLE_NS_ASSERTIONS = NO;
				ENABLE_STRICT_OBJC_MSGSEND = YES;
				GCC_C_LANGUAGE_STANDARD = gnu11;
				GCC_NO_COMMON_BLOCKS = YES;
				GCC_WARN_64_TO_32_BIT_CONVERSION = YES;
				GCC_WARN_ABOUT_RETURN_TYPE = YES_ERROR;
				GCC_WARN_UNDECLARED_SELECTOR = YES;
				GCC_WARN_UNINITIALIZED_AUTOS = YES_AGGRESSIVE;
				GCC_WARN_UNUSED_FUNCTION = YES;
				GCC_WARN_UNUSED_VARIABLE = YES;
				IPHONEOS_DEPLOYMENT_TARGET = 15.5;
				MTL_ENABLE_DEBUG_INFO = NO;
				MTL_FAST_MATH = YES;
				SDKROOT = iphoneos;
				SWIFT_COMPILATION_MODE = wholemodule;
				SWIFT_OPTIMIZATION_LEVEL = "-O";
				VALIDATE_PRODUCT = YES;
			};
			name = Release;
		};
		B43B9984283D9554005595EB /* Debug */ = {
			isa = XCBuildConfiguration;
			buildSettings = {
				ASSETCATALOG_COMPILER_APPICON_NAME = AppIcon;
				ASSETCATALOG_COMPILER_GLOBAL_ACCENT_COLOR_NAME = AccentColor;
				CODE_SIGN_STYLE = Automatic;
				CURRENT_PROJECT_VERSION = 1;
				DEVELOPMENT_ASSET_PATHS = "\"Scrumdinger/Preview Content\"";
				DEVELOPMENT_TEAM = 833T8QYBTZ;
				ENABLE_PREVIEWS = YES;
				GENERATE_INFOPLIST_FILE = YES;
				INFOPLIST_KEY_UIApplicationSceneManifest_Generation = YES;
				INFOPLIST_KEY_UIApplicationSupportsIndirectInputEvents = YES;
				INFOPLIST_KEY_UILaunchScreen_Generation = YES;
				INFOPLIST_KEY_UISupportedInterfaceOrientations_iPad = "UIInterfaceOrientationPortrait UIInterfaceOrientationPortraitUpsideDown UIInterfaceOrientationLandscapeLeft UIInterfaceOrientationLandscapeRight";
				INFOPLIST_KEY_UISupportedInterfaceOrientations_iPhone = "UIInterfaceOrientationPortrait UIInterfaceOrientationLandscapeLeft UIInterfaceOrientationLandscapeRight";
				LD_RUNPATH_SEARCH_PATHS = (
					"$(inherited)",
					"@executable_path/Frameworks",
				);
				MARKETING_VERSION = 1.0;
				PRODUCT_BUNDLE_IDENTIFIER = com.dantraztrev.protoype.Scrumdinger;
				PRODUCT_NAME = "$(TARGET_NAME)";
				SWIFT_EMIT_LOC_STRINGS = YES;
				SWIFT_VERSION = 5.0;
				TARGETED_DEVICE_FAMILY = "1,2";
			};
			name = Debug;
		};
		B43B9985283D9554005595EB /* Release */ = {
			isa = XCBuildConfiguration;
			buildSettings = {
				ASSETCATALOG_COMPILER_APPICON_NAME = AppIcon;
				ASSETCATALOG_COMPILER_GLOBAL_ACCENT_COLOR_NAME = AccentColor;
				CODE_SIGN_STYLE = Automatic;
				CURRENT_PROJECT_VERSION = 1;
				DEVELOPMENT_ASSET_PATHS = "\"Scrumdinger/Preview Content\"";
				DEVELOPMENT_TEAM = 833T8QYBTZ;
				ENABLE_PREVIEWS = YES;
				GENERATE_INFOPLIST_FILE = YES;
				INFOPLIST_KEY_UIApplicationSceneManifest_Generation = YES;
				INFOPLIST_KEY_UIApplicationSupportsIndirectInputEvents = YES;
				INFOPLIST_KEY_UILaunchScreen_Generation = YES;
				INFOPLIST_KEY_UISupportedInterfaceOrientations_iPad = "UIInterfaceOrientationPortrait UIInterfaceOrientationPortraitUpsideDown UIInterfaceOrientationLandscapeLeft UIInterfaceOrientationLandscapeRight";
				INFOPLIST_KEY_UISupportedInterfaceOrientations_iPhone = "UIInterfaceOrientationPortrait UIInterfaceOrientationLandscapeLeft UIInterfaceOrientationLandscapeRight";
				LD_RUNPATH_SEARCH_PATHS = (
					"$(inherited)",
					"@executable_path/Frameworks",
				);
				MARKETING_VERSION = 1.0;
				PRODUCT_BUNDLE_IDENTIFIER = com.dantraztrev.protoype.Scrumdinger;
				PRODUCT_NAME = "$(TARGET_NAME)";
				SWIFT_EMIT_LOC_STRINGS = YES;
				SWIFT_VERSION = 5.0;
				TARGETED_DEVICE_FAMILY = "1,2";
			};
			name = Release;
		};
/* End XCBuildConfiguration section */

/* Begin XCConfigurationList section */
		B43B9970283D9551005595EB /* Build configuration list for PBXProject "Scrumdinger" */ = {
			isa = XCConfigurationList;
			buildConfigurations = (
				B43B9981283D9554005595EB /* Debug */,
				B43B9982283D9554005595EB /* Release */,
			);
			defaultConfigurationIsVisible = 0;
			defaultConfigurationName = Release;
		};
		B43B9983283D9554005595EB /* Build configuration list for PBXNativeTarget "Scrumdinger" */ = {
			isa = XCConfigurationList;
			buildConfigurations = (
				B43B9984283D9554005595EB /* Debug */,
				B43B9985283D9554005595EB /* Release */,
			);
			defaultConfigurationIsVisible = 0;
			defaultConfigurationName = Release;
		};
/* End XCConfigurationList section */
	};
	rootObject = B43B996D283D9551005595EB /* Project object */;
}
